
Microsoft Visual Studio Solution File, Format Version 12.00
# Visual Studio Version 16
VisualStudioVersion = 16.0.30406.217
MinimumVisualStudioVersion = 10.0.40219.1
Project("{9A19103F-16F7-4668-BE54-9A1E7A4F7556}") = "CalculatorLibrary", "CalculatorLibrary\CalculatorLibrary.csproj", "{1DE9E2E8-294C-47EC-B9EB-CBA72AAC0EAE}"
EndProject
Project("{9A19103F-16F7-4668-BE54-9A1E7A4F7556}") = "CalculatorUI", "CalculatorUI\CalculatorUI.csproj", "{681AF9B2-AE13-474B-BE4B-8C89880E994A}"
EndProject
Project("{FAE04EC0-301F-11D3-BF4B-00C04F79EFBC}") = "CalculatorLibraryTests", "CalculatorLibraryTests\CalculatorLibraryTests.csproj", "{0DCBAEAF-A5F5-4A6B-AFC0-9334AF53E054}"
EndProject
Global
	GlobalSection(SolutionConfigurationPlatforms) = preSolution
		Debug|Any CPU = Debug|Any CPU
		Release|Any CPU = Release|Any CPU
	EndGlobalSection
	GlobalSection(ProjectConfigurationPlatforms) = postSolution
		{1DE9E2E8-294C-47EC-B9EB-CBA72AAC0EAE}.Debug|Any CPU.ActiveCfg = Debug|Any CPU
		{1DE9E2E8-294C-47EC-B9EB-CBA72AAC0EAE}.Debug|Any CPU.Build.0 = Debug|Any CPU
		{1DE9E2E8-294C-47EC-B9EB-CBA72AAC0EAE}.Release|Any CPU.ActiveCfg = Release|Any CPU
		{1DE9E2E8-294C-47EC-B9EB-CBA72AAC0EAE}.Release|Any CPU.Build.0 = Release|Any CPU
		{681AF9B2-AE13-474B-BE4B-8C89880E994A}.Debug|Any CPU.ActiveCfg = Debug|Any CPU
		{681AF9B2-AE13-474B-BE4B-8C89880E994A}.Debug|Any CPU.Build.0 = Debug|Any CPU
		{681AF9B2-AE13-474B-BE4B-8C89880E994A}.Release|Any CPU.ActiveCfg = Release|Any CPU
		{681AF9B2-AE13-474B-BE4B-8C89880E994A}.Release|Any CPU.Build.0 = Release|Any CPU
		{0DCBAEAF-A5F5-4A6B-AFC0-9334AF53E054}.Debug|Any CPU.ActiveCfg = Debug|Any CPU
		{0DCBAEAF-A5F5-4A6B-AFC0-9334AF53E054}.Debug|Any CPU.Build.0 = Debug|Any CPU
		{0DCBAEAF-A5F5-4A6B-AFC0-9334AF53E054}.Release|Any CPU.ActiveCfg = Release|Any CPU
		{0DCBAEAF-A5F5-4A6B-AFC0-9334AF53E054}.Release|Any CPU.Build.0 = Release|Any CPU
	EndGlobalSection
	GlobalSection(SolutionProperties) = preSolution
		HideSolutionNode = FALSE
	EndGlobalSection
	GlobalSection(ExtensibilityGlobals) = postSolution
		SolutionGuid = {BF59BF76-E15B-4507-9887-AAACF3D1AC23}
	EndGlobalSection
EndGlobal
